<?xml version="1.0" encoding="utf-8"?>
<Project ToolsVersion="4.0" xmlns="http://schemas.microsoft.com/developer/msbuild/2003">
  <ItemGroup>
    <Filter Include="Header Files">
      <UniqueIdentifier>{b843e84b-237c-49c2-9bdd-adacc8ff4bfe}</UniqueIdentifier>
    </Filter>
    <Filter Include="Source Files">
      <UniqueIdentifier>{748c27ed-a75b-4a12-bd93-dcdad6988f76}</UniqueIdentifier>
    </Filter>
  </ItemGroup>
  <ItemGroup>
    <ClCompile Include="PCIeMini_ESCC.cpp">
      <Filter>Source Files</Filter>
    </ClCompile>
    <ClCompile Include="SccChannel.cpp">
      <Filter>Source Files</Filter>
    </ClCompile>
    <ClCompile Include="SccDma.cpp">
      <Filter>Source Files</Filter>
    </ClCompile>
    <ClCompile Include="SccFifo.cpp">
      <Filter>Source Files</Filter>
    </ClCompile>
    <ClCompile Include="UartChannel.cpp">
      <Filter>Source Files</Filter>
    </ClCompile>
    <ClCompile Include="PCIeMini_error.cpp">
      <Filter>Source Files</Filter>
    </ClCompile>
  </ItemGroup>
  <ItemGroup>
    <ClInclude Include="..\include\AlphiBoard.h">
      <Filter>Header Files</Filter>
    </ClInclude>
    <ClInclude Include="..\include\AlphiDll.h">
      <Filter>Header Files</Filter>
    </ClInclude>
    <ClInclude Include="..\include\AlphiErrorCodes.h">
      <Filter>Header Files</Filter>
    </ClInclude>
    <ClInclude Include="..\include\escc_defines.h">
      <Filter>Header Files</Filter>
    </ClInclude>
    <ClInclude Include="..\include\LTC2872.h">
      <Filter>Header Files</Filter>
    </ClInclude>
    <ClInclude Include="..\include\minipcie_arinc429_lib.h">
      <Filter>Header Files</Filter>
    </ClInclude>
    <ClInclude Include="..\include\PCIeMini_ESCC.h">
      <Filter>Header Files</Filter>
    </ClInclude>
    <ClInclude Include="..\include\SccChannel.h">
      <Filter>Header Files</Filter>
    </ClInclude>
    <ClInclude Include="..\include\SccFifo.h">
      <Filter>Header Files</Filter>
    </ClInclude>
    <ClInclude Include="..\include\wd1440_include\wd_ver.h">
      <Filter>Header Files</Filter>
    </ClInclude>
    <ClInclude Include="..\include\wd1440_include\wdc_defs.h">
      <Filter>Header Files</Filter>
    </ClInclude>
    <ClInclude Include="..\include\wd1440_include\wdc_diag_lib.h">
      <Filter>Header Files</Filter>
    </ClInclude>
    <ClInclude Include="..\include\wd1440_include\wdc_lib.h">
      <Filter>Header Files</Filter>
    </ClInclude>
    <ClInclude Include="..\include\wd1440_include\windrvr.h">
      <Filter>Header Files</Filter>
    </ClInclude>
    <ClInclude Include="..\include\wd1440_include\windrvr_events.h">
      <Filter>Header Files</Filter>
    </ClInclude>
    <ClInclude Include="..\include\wd1440_include\windrvr_int_thread.h">
      <Filter>Header Files</Filter>
    </ClInclude>
    <ClInclude Include="..\include\wd1440_include\windrvr_usb.h">
      <Filter>Header Files</Filter>
    </ClInclude>
    <ClInclude Include="..\include\RxFifoData.h">
      <Filter>Header Files</Filter>
    </ClInclude>
  </ItemGroup>
  <ItemGroup>
    <None Include="packages.config" />
  </ItemGroup>
</Project>