<?xml version="1.0" encoding="utf-8"?>
<Project ToolsVersion="4.0" xmlns="http://schemas.microsoft.com/developer/msbuild/2003">
  <ItemGroup>
    <ClCompile Include="altera_spi.cpp">
      <Filter>Source Files</Filter>
    </ClCompile>
    <ClCompile Include="AlteraSpiDrv.cpp">
      <Filter>Source Files</Filter>
    </ClCompile>
    <ClCompile Include="arinc429error.cpp">
      <Filter>Source Files</Filter>
    </ClCompile>
    <ClCompile Include="commandMb.cpp">
      <Filter>Source Files</Filter>
    </ClCompile>
    <ClCompile Include="Hi3593.cpp">
      <Filter>Source Files</Filter>
    </ClCompile>
    <ClCompile Include="Hi3593Direct.cpp">
      <Filter>Source Files</Filter>
    </ClCompile>
    <ClCompile Include="Hi3593Status.cpp">
      <Filter>Source Files</Filter>
    </ClCompile>
    <ClCompile Include="PCIeMini_Arinc429.cpp">
      <Filter>Source Files</Filter>
    </ClCompile>
    <ClCompile Include="PCIeMini_Arinc429_Rx.cpp">
      <Filter>Source Files</Filter>
    </ClCompile>
    <ClCompile Include="PCIeMini_Arinc429_Tx.cpp">
      <Filter>Source Files</Filter>
    </ClCompile>
  </ItemGroup>
  <ItemGroup>
    <ClInclude Include="..\include\AlphiBoard.h">
      <Filter>Header Files</Filter>
    </ClInclude>
    <ClInclude Include="..\include\AlphiDll.h">
      <Filter>Header Files</Filter>
    </ClInclude>
    <ClInclude Include="..\include\AlphiErrorCodes.h">
      <Filter>Header Files</Filter>
    </ClInclude>
    <ClInclude Include="altera_spi.h">
      <Filter>Header Files</Filter>
    </ClInclude>
    <ClInclude Include="AlteraSpiDrv.h">
      <Filter>Header Files</Filter>
    </ClInclude>
    <ClInclude Include="arinc429data.h">
      <Filter>Header Files</Filter>
    </ClInclude>
    <ClInclude Include="arinc429error.h">
      <Filter>Header Files</Filter>
    </ClInclude>
    <ClInclude Include="commandMb.h">
      <Filter>Header Files</Filter>
    </ClInclude>
    <ClInclude Include="Hi3593.h">
      <Filter>Header Files</Filter>
    </ClInclude>
    <ClInclude Include="Hi3593direct.h">
      <Filter>Header Files</Filter>
    </ClInclude>
    <ClInclude Include="Hi3593Status.h">
      <Filter>Header Files</Filter>
    </ClInclude>
    <ClInclude Include="..\include\ParallelInput.h">
      <Filter>Header Files</Filter>
    </ClInclude>
    <ClInclude Include="PCIeMini_Arinc429.h">
      <Filter>Header Files</Filter>
    </ClInclude>
    <ClInclude Include="PCIeMini_Arinc429_Rx.h">
      <Filter>Header Files</Filter>
    </ClInclude>
    <ClInclude Include="PCIeMini_Arinc429_Tx.h">
      <Filter>Header Files</Filter>
    </ClInclude>
    <ClInclude Include="wdc_diag_lib.h">
      <Filter>Header Files</Filter>
    </ClInclude>
    <ClInclude Include="minipcie_arinc429_lib.h">
      <Filter>Header Files</Filter>
    </ClInclude>
  </ItemGroup>
  <ItemGroup>
    <Filter Include="Header Files">
      <UniqueIdentifier>{bd2d6892-42b3-4238-b804-e92aa4da81c9}</UniqueIdentifier>
    </Filter>
    <Filter Include="Source Files">
      <UniqueIdentifier>{b9d7357d-db67-4a1d-bc89-f841bbd6b97a}</UniqueIdentifier>
    </Filter>
  </ItemGroup>
</Project>